// !$*UTF8*$!
{
	archiveVersion = 1;
	classes = {
	};
	objectVersion = 51;
	objects = {

/* Begin PBXBuildFile section */
		728A46C424726476002953DF /* UserAccountManager.swift in Sources */ = {isa = PBXBuildFile; fileRef = 728A46C324726476002953DF /* UserAccountManager.swift */; };
		728A46C724726921002953DF /* UserCreationForm.swift in Sources */ = {isa = PBXBuildFile; fileRef = 728A46C624726921002953DF /* UserCreationForm.swift */; };
		728A46C924726A0F002953DF /* UserCreationError.swift in Sources */ = {isa = PBXBuildFile; fileRef = 728A46C824726A0F002953DF /* UserCreationError.swift */; };
		728D5D42246FD093006A1FB2 /* AppDelegate.swift in Sources */ = {isa = PBXBuildFile; fileRef = 728D5D41246FD093006A1FB2 /* AppDelegate.swift */; };
		728D5D4B246FD094006A1FB2 /* Assets.xcassets in Resources */ = {isa = PBXBuildFile; fileRef = 728D5D4A246FD094006A1FB2 /* Assets.xcassets */; };
		728D5D4E246FD094006A1FB2 /* LaunchScreen.storyboard in Resources */ = {isa = PBXBuildFile; fileRef = 728D5D4C246FD094006A1FB2 /* LaunchScreen.storyboard */; };
		728D5D5E246FD45D006A1FB2 /* SignupViewController.swift in Sources */ = {isa = PBXBuildFile; fileRef = 728D5D5D246FD45D006A1FB2 /* SignupViewController.swift */; };
		728D5D61246FD470006A1FB2 /* SignupViewReactor.swift in Sources */ = {isa = PBXBuildFile; fileRef = 728D5D60246FD470006A1FB2 /* SignupViewReactor.swift */; };
		728D5D63246FD478006A1FB2 /* SignupView.swift in Sources */ = {isa = PBXBuildFile; fileRef = 728D5D62246FD478006A1FB2 /* SignupView.swift */; };
		728D5D65246FD48B006A1FB2 /* LoginView.swift in Sources */ = {isa = PBXBuildFile; fileRef = 728D5D64246FD48B006A1FB2 /* LoginView.swift */; };
		728D5D67246FD492006A1FB2 /* LoginViewReactor.swift in Sources */ = {isa = PBXBuildFile; fileRef = 728D5D66246FD492006A1FB2 /* LoginViewReactor.swift */; };
		728D5D69246FD49D006A1FB2 /* LoginViewController.swift in Sources */ = {isa = PBXBuildFile; fileRef = 728D5D68246FD49D006A1FB2 /* LoginViewController.swift */; };
		728D5D6C246FD90F006A1FB2 /* ViewSetup.swift in Sources */ = {isa = PBXBuildFile; fileRef = 728D5D6B246FD90F006A1FB2 /* ViewSetup.swift */; };
		728D5D6E246FD918006A1FB2 /* ViewControllerSetup.swift in Sources */ = {isa = PBXBuildFile; fileRef = 728D5D6D246FD918006A1FB2 /* ViewControllerSetup.swift */; };
		728D5D76246FE2F9006A1FB2 /* UIView+Additions.swift in Sources */ = {isa = PBXBuildFile; fileRef = 728D5D75246FE2F9006A1FB2 /* UIView+Additions.swift */; };
		728D5D78246FEEAA006A1FB2 /* GoogleService-Info.plist in Resources */ = {isa = PBXBuildFile; fileRef = 728D5D77246FEEAA006A1FB2 /* GoogleService-Info.plist */; };
		728D5D7D246FF541006A1FB2 /* Localizable.strings in Resources */ = {isa = PBXBuildFile; fileRef = 728D5D7F246FF541006A1FB2 /* Localizable.strings */; };
		728D5D81246FF685006A1FB2 /* String+Additions.swift in Sources */ = {isa = PBXBuildFile; fileRef = 728D5D80246FF685006A1FB2 /* String+Additions.swift */; };
		E5DF775D5D2B963B96D40F70 /* Pods_Messenger.framework in Frameworks */ = {isa = PBXBuildFile; fileRef = B238D226E94BCE939E3E6BF6 /* Pods_Messenger.framework */; };
/* End PBXBuildFile section */

/* Begin PBXFileReference section */
		390347F65D6478E363FA7C8A /* Pods-Messenger.release.xcconfig */ = {isa = PBXFileReference; includeInIndex = 1; lastKnownFileType = text.xcconfig; name = "Pods-Messenger.release.xcconfig"; path = "Target Support Files/Pods-Messenger/Pods-Messenger.release.xcconfig"; sourceTree = "<group>"; };
		728A46C324726476002953DF /* UserAccountManager.swift */ = {isa = PBXFileReference; lastKnownFileType = sourcecode.swift; path = UserAccountManager.swift; sourceTree = "<group>"; };
		728A46C624726921002953DF /* UserCreationForm.swift */ = {isa = PBXFileReference; lastKnownFileType = sourcecode.swift; path = UserCreationForm.swift; sourceTree = "<group>"; };
		728A46C824726A0F002953DF /* UserCreationError.swift */ = {isa = PBXFileReference; lastKnownFileType = sourcecode.swift; path = UserCreationError.swift; sourceTree = "<group>"; };
		728D5D3E246FD093006A1FB2 /* Messenger.app */ = {isa = PBXFileReference; explicitFileType = wrapper.application; includeInIndex = 0; path = Messenger.app; sourceTree = BUILT_PRODUCTS_DIR; };
		728D5D41246FD093006A1FB2 /* AppDelegate.swift */ = {isa = PBXFileReference; lastKnownFileType = sourcecode.swift; path = AppDelegate.swift; sourceTree = "<group>"; };
		728D5D4A246FD094006A1FB2 /* Assets.xcassets */ = {isa = PBXFileReference; lastKnownFileType = folder.assetcatalog; path = Assets.xcassets; sourceTree = "<group>"; };
		728D5D4D246FD094006A1FB2 /* Base */ = {isa = PBXFileReference; lastKnownFileType = file.storyboard; name = Base; path = Base.lproj/LaunchScreen.storyboard; sourceTree = "<group>"; };
		728D5D4F246FD094006A1FB2 /* Info.plist */ = {isa = PBXFileReference; lastKnownFileType = text.plist.xml; path = Info.plist; sourceTree = "<group>"; };
		728D5D5D246FD45D006A1FB2 /* SignupViewController.swift */ = {isa = PBXFileReference; lastKnownFileType = sourcecode.swift; path = SignupViewController.swift; sourceTree = "<group>"; };
		728D5D60246FD470006A1FB2 /* SignupViewReactor.swift */ = {isa = PBXFileReference; lastKnownFileType = sourcecode.swift; path = SignupViewReactor.swift; sourceTree = "<group>"; };
		728D5D62246FD478006A1FB2 /* SignupView.swift */ = {isa = PBXFileReference; lastKnownFileType = sourcecode.swift; path = SignupView.swift; sourceTree = "<group>"; };
		728D5D64246FD48B006A1FB2 /* LoginView.swift */ = {isa = PBXFileReference; lastKnownFileType = sourcecode.swift; path = LoginView.swift; sourceTree = "<group>"; };
		728D5D66246FD492006A1FB2 /* LoginViewReactor.swift */ = {isa = PBXFileReference; lastKnownFileType = sourcecode.swift; path = LoginViewReactor.swift; sourceTree = "<group>"; };
		728D5D68246FD49D006A1FB2 /* LoginViewController.swift */ = {isa = PBXFileReference; lastKnownFileType = sourcecode.swift; path = LoginViewController.swift; sourceTree = "<group>"; };
		728D5D6B246FD90F006A1FB2 /* ViewSetup.swift */ = {isa = PBXFileReference; lastKnownFileType = sourcecode.swift; path = ViewSetup.swift; sourceTree = "<group>"; };
		728D5D6D246FD918006A1FB2 /* ViewControllerSetup.swift */ = {isa = PBXFileReference; lastKnownFileType = sourcecode.swift; path = ViewControllerSetup.swift; sourceTree = "<group>"; };
		728D5D73246FE20C006A1FB2 /* Messenger-Bridging-Header.h */ = {isa = PBXFileReference; lastKnownFileType = sourcecode.c.h; path = "Messenger-Bridging-Header.h"; sourceTree = "<group>"; };
		728D5D75246FE2F9006A1FB2 /* UIView+Additions.swift */ = {isa = PBXFileReference; lastKnownFileType = sourcecode.swift; path = "UIView+Additions.swift"; sourceTree = "<group>"; };
		728D5D77246FEEAA006A1FB2 /* GoogleService-Info.plist */ = {isa = PBXFileReference; fileEncoding = 4; lastKnownFileType = text.plist.xml; path = "GoogleService-Info.plist"; sourceTree = "<group>"; };
		728D5D79246FF3A0006A1FB2 /* ko */ = {isa = PBXFileReference; lastKnownFileType = text.plist.strings; name = ko; path = ko.lproj/LaunchScreen.strings; sourceTree = "<group>"; };
		728D5D7E246FF541006A1FB2 /* ko */ = {isa = PBXFileReference; lastKnownFileType = text.plist.strings; name = ko; path = ko.lproj/Localizable.strings; sourceTree = "<group>"; };
		728D5D80246FF685006A1FB2 /* String+Additions.swift */ = {isa = PBXFileReference; lastKnownFileType = sourcecode.swift; path = "String+Additions.swift"; sourceTree = "<group>"; };
		728D5D84246FFC1F006A1FB2 /* ja */ = {isa = PBXFileReference; lastKnownFileType = text.plist.strings; name = ja; path = ja.lproj/LaunchScreen.strings; sourceTree = "<group>"; };
		728D5D85246FFC20006A1FB2 /* ja */ = {isa = PBXFileReference; lastKnownFileType = text.plist.strings; name = ja; path = ja.lproj/Localizable.strings; sourceTree = "<group>"; };
		921DB74A7AE1E62B4D48A089 /* Pods-Messenger.debug.xcconfig */ = {isa = PBXFileReference; includeInIndex = 1; lastKnownFileType = text.xcconfig; name = "Pods-Messenger.debug.xcconfig"; path = "Target Support Files/Pods-Messenger/Pods-Messenger.debug.xcconfig"; sourceTree = "<group>"; };
		B238D226E94BCE939E3E6BF6 /* Pods_Messenger.framework */ = {isa = PBXFileReference; explicitFileType = wrapper.framework; includeInIndex = 0; path = Pods_Messenger.framework; sourceTree = BUILT_PRODUCTS_DIR; };
/* End PBXFileReference section */

/* Begin PBXFrameworksBuildPhase section */
		728D5D3B246FD093006A1FB2 /* Frameworks */ = {
			isa = PBXFrameworksBuildPhase;
			buildActionMask = 2147483647;
			files = (
				E5DF775D5D2B963B96D40F70 /* Pods_Messenger.framework in Frameworks */,
			);
			runOnlyForDeploymentPostprocessing = 0;
		};
/* End PBXFrameworksBuildPhase section */

/* Begin PBXGroup section */
		3940FE9ADA68A2ECA4F82942 /* Frameworks */ = {
			isa = PBXGroup;
			children = (
				B238D226E94BCE939E3E6BF6 /* Pods_Messenger.framework */,
			);
			name = Frameworks;
			sourceTree = "<group>";
		};
		6606CBB609119E456F456C08 /* Pods */ = {
			isa = PBXGroup;
			children = (
				921DB74A7AE1E62B4D48A089 /* Pods-Messenger.debug.xcconfig */,
				390347F65D6478E363FA7C8A /* Pods-Messenger.release.xcconfig */,
			);
			path = Pods;
			sourceTree = "<group>";
		};
		728A46C224726449002953DF /* Managers */ = {
			isa = PBXGroup;
			children = (
				728A46C324726476002953DF /* UserAccountManager.swift */,
			);
			path = Managers;
			sourceTree = "<group>";
		};
		728A46C524726919002953DF /* Models */ = {
			isa = PBXGroup;
			children = (
				728A46C624726921002953DF /* UserCreationForm.swift */,
				728A46C824726A0F002953DF /* UserCreationError.swift */,
			);
			path = Models;
			sourceTree = "<group>";
		};
		728D5D35246FD093006A1FB2 = {
			isa = PBXGroup;
			children = (
				728D5D40246FD093006A1FB2 /* Messenger */,
				728D5D3F246FD093006A1FB2 /* Products */,
				6606CBB609119E456F456C08 /* Pods */,
				3940FE9ADA68A2ECA4F82942 /* Frameworks */,
			);
			sourceTree = "<group>";
		};
		728D5D3F246FD093006A1FB2 /* Products */ = {
			isa = PBXGroup;
			children = (
				728D5D3E246FD093006A1FB2 /* Messenger.app */,
			);
			name = Products;
			sourceTree = "<group>";
		};
		728D5D40246FD093006A1FB2 /* Messenger */ = {
			isa = PBXGroup;
			children = (
				728D5D57246FD10E006A1FB2 /* Source */,
				728D5D55246FD103006A1FB2 /* Resource */,
				728D5D56246FD108006A1FB2 /* Supporting Files */,
			);
			path = Messenger;
			sourceTree = "<group>";
		};
		728D5D55246FD103006A1FB2 /* Resource */ = {
			isa = PBXGroup;
			children = (
				728D5D4A246FD094006A1FB2 /* Assets.xcassets */,
			);
			path = Resource;
			sourceTree = "<group>";
		};
		728D5D56246FD108006A1FB2 /* Supporting Files */ = {
			isa = PBXGroup;
			children = (
				728D5D7F246FF541006A1FB2 /* Localizable.strings */,
				728D5D4C246FD094006A1FB2 /* LaunchScreen.storyboard */,
				728D5D4F246FD094006A1FB2 /* Info.plist */,
				728D5D77246FEEAA006A1FB2 /* GoogleService-Info.plist */,
				728D5D73246FE20C006A1FB2 /* Messenger-Bridging-Header.h */,
			);
			path = "Supporting Files";
			sourceTree = "<group>";
		};
		728D5D57246FD10E006A1FB2 /* Source */ = {
			isa = PBXGroup;
			children = (
				728D5D58246FD11B006A1FB2 /* Application */,
				728D5D5B246FD443006A1FB2 /* Login */,
				728D5D5C246FD448006A1FB2 /* Signup */,
				728A46C524726919002953DF /* Models */,
				728A46C224726449002953DF /* Managers */,
				728D5D74246FE2CF006A1FB2 /* Extensions */,
				728D5D6A246FD8D6006A1FB2 /* Setups */,
			);
			path = Source;
			sourceTree = "<group>";
		};
		728D5D58246FD11B006A1FB2 /* Application */ = {
			isa = PBXGroup;
			children = (
				728D5D41246FD093006A1FB2 /* AppDelegate.swift */,
			);
			path = Application;
			sourceTree = "<group>";
		};
		728D5D5B246FD443006A1FB2 /* Login */ = {
			isa = PBXGroup;
			children = (
				728D5D64246FD48B006A1FB2 /* LoginView.swift */,
				728D5D66246FD492006A1FB2 /* LoginViewReactor.swift */,
				728D5D68246FD49D006A1FB2 /* LoginViewController.swift */,
			);
			path = Login;
			sourceTree = "<group>";
		};
		728D5D5C246FD448006A1FB2 /* Signup */ = {
			isa = PBXGroup;
			children = (
				728D5D62246FD478006A1FB2 /* SignupView.swift */,
				728D5D60246FD470006A1FB2 /* SignupViewReactor.swift */,
				728D5D5D246FD45D006A1FB2 /* SignupViewController.swift */,
			);
			path = Signup;
			sourceTree = "<group>";
		};
		728D5D6A246FD8D6006A1FB2 /* Setups */ = {
			isa = PBXGroup;
			children = (
				728D5D6B246FD90F006A1FB2 /* ViewSetup.swift */,
				728D5D6D246FD918006A1FB2 /* ViewControllerSetup.swift */,
			);
			path = Setups;
			sourceTree = "<group>";
		};
		728D5D74246FE2CF006A1FB2 /* Extensions */ = {
			isa = PBXGroup;
			children = (
				728D5D75246FE2F9006A1FB2 /* UIView+Additions.swift */,
				728D5D80246FF685006A1FB2 /* String+Additions.swift */,
			);
			path = Extensions;
			sourceTree = "<group>";
		};
/* End PBXGroup section */

/* Begin PBXNativeTarget section */
		728D5D3D246FD093006A1FB2 /* Messenger */ = {
			isa = PBXNativeTarget;
			buildConfigurationList = 728D5D52246FD094006A1FB2 /* Build configuration list for PBXNativeTarget "Messenger" */;
			buildPhases = (
				247E1DCA404B52D50F0C6570 /* [CP] Check Pods Manifest.lock */,
				728D5D3A246FD093006A1FB2 /* Sources */,
				728D5D3B246FD093006A1FB2 /* Frameworks */,
				728D5D3C246FD093006A1FB2 /* Resources */,
				CFA7D1353FEB7E0506FD42EE /* [CP] Embed Pods Frameworks */,
			);
			buildRules = (
			);
			dependencies = (
			);
			name = Messenger;
			productName = Messenger;
			productReference = 728D5D3E246FD093006A1FB2 /* Messenger.app */;
			productType = "com.apple.product-type.application";
		};
/* End PBXNativeTarget section */

/* Begin PBXProject section */
		728D5D36246FD093006A1FB2 /* Project object */ = {
			isa = PBXProject;
			attributes = {
				LastSwiftUpdateCheck = 1140;
				LastUpgradeCheck = 1140;
				ORGANIZATIONNAME = "Soohan Lee";
				TargetAttributes = {
					728D5D3D246FD093006A1FB2 = {
						CreatedOnToolsVersion = 11.4.1;
					};
				};
			};
			buildConfigurationList = 728D5D39246FD093006A1FB2 /* Build configuration list for PBXProject "Messenger" */;
			compatibilityVersion = "Xcode 9.3";
			developmentRegion = en;
			hasScannedForEncodings = 0;
			knownRegions = (
				en,
				Base,
				ko,
				ja,
			);
			mainGroup = 728D5D35246FD093006A1FB2;
			productRefGroup = 728D5D3F246FD093006A1FB2 /* Products */;
			projectDirPath = "";
			projectRoot = "";
			targets = (
				728D5D3D246FD093006A1FB2 /* Messenger */,
			);
		};
/* End PBXProject section */

/* Begin PBXResourcesBuildPhase section */
		728D5D3C246FD093006A1FB2 /* Resources */ = {
			isa = PBXResourcesBuildPhase;
			buildActionMask = 2147483647;
			files = (
				728D5D4E246FD094006A1FB2 /* LaunchScreen.storyboard in Resources */,
				728D5D4B246FD094006A1FB2 /* Assets.xcassets in Resources */,
				728D5D78246FEEAA006A1FB2 /* GoogleService-Info.plist in Resources */,
				728D5D7D246FF541006A1FB2 /* Localizable.strings in Resources */,
			);
			runOnlyForDeploymentPostprocessing = 0;
		};
/* End PBXResourcesBuildPhase section */

/* Begin PBXShellScriptBuildPhase section */
		247E1DCA404B52D50F0C6570 /* [CP] Check Pods Manifest.lock */ = {
			isa = PBXShellScriptBuildPhase;
			buildActionMask = 2147483647;
			files = (
			);
			inputFileListPaths = (
			);
			inputPaths = (
				"${PODS_PODFILE_DIR_PATH}/Podfile.lock",
				"${PODS_ROOT}/Manifest.lock",
			);
			name = "[CP] Check Pods Manifest.lock";
			outputFileListPaths = (
			);
			outputPaths = (
				"$(DERIVED_FILE_DIR)/Pods-Messenger-checkManifestLockResult.txt",
			);
			runOnlyForDeploymentPostprocessing = 0;
			shellPath = /bin/sh;
			shellScript = "diff \"${PODS_PODFILE_DIR_PATH}/Podfile.lock\" \"${PODS_ROOT}/Manifest.lock\" > /dev/null\nif [ $? != 0 ] ; then\n    # print error to STDERR\n    echo \"error: The sandbox is not in sync with the Podfile.lock. Run 'pod install' or update your CocoaPods installation.\" >&2\n    exit 1\nfi\n# This output is used by Xcode 'outputs' to avoid re-running this script phase.\necho \"SUCCESS\" > \"${SCRIPT_OUTPUT_FILE_0}\"\n";
			showEnvVarsInLog = 0;
		};
		CFA7D1353FEB7E0506FD42EE /* [CP] Embed Pods Frameworks */ = {
			isa = PBXShellScriptBuildPhase;
			buildActionMask = 2147483647;
			files = (
			);
			inputFileListPaths = (
				"${PODS_ROOT}/Target Support Files/Pods-Messenger/Pods-Messenger-frameworks-${CONFIGURATION}-input-files.xcfilelist",
			);
			name = "[CP] Embed Pods Frameworks";
			outputFileListPaths = (
				"${PODS_ROOT}/Target Support Files/Pods-Messenger/Pods-Messenger-frameworks-${CONFIGURATION}-output-files.xcfilelist",
			);
			runOnlyForDeploymentPostprocessing = 0;
			shellPath = /bin/sh;
			shellScript = "\"${PODS_ROOT}/Target Support Files/Pods-Messenger/Pods-Messenger-frameworks.sh\"\n";
			showEnvVarsInLog = 0;
		};
/* End PBXShellScriptBuildPhase section */

/* Begin PBXSourcesBuildPhase section */
		728D5D3A246FD093006A1FB2 /* Sources */ = {
			isa = PBXSourcesBuildPhase;
			buildActionMask = 2147483647;
			files = (
				728A46C724726921002953DF /* UserCreationForm.swift in Sources */,
				728D5D76246FE2F9006A1FB2 /* UIView+Additions.swift in Sources */,
				728D5D65246FD48B006A1FB2 /* LoginView.swift in Sources */,
				728D5D63246FD478006A1FB2 /* SignupView.swift in Sources */,
				728A46C424726476002953DF /* UserAccountManager.swift in Sources */,
				728D5D61246FD470006A1FB2 /* SignupViewReactor.swift in Sources */,
				728D5D69246FD49D006A1FB2 /* LoginViewController.swift in Sources */,
				728D5D6E246FD918006A1FB2 /* ViewControllerSetup.swift in Sources */,
				728D5D5E246FD45D006A1FB2 /* SignupViewController.swift in Sources */,
				728D5D42246FD093006A1FB2 /* AppDelegate.swift in Sources */,
				728D5D6C246FD90F006A1FB2 /* ViewSetup.swift in Sources */,
				728D5D67246FD492006A1FB2 /* LoginViewReactor.swift in Sources */,
				728A46C924726A0F002953DF /* UserCreationError.swift in Sources */,
				728D5D81246FF685006A1FB2 /* String+Additions.swift in Sources */,
			);
			runOnlyForDeploymentPostprocessing = 0;
		};
/* End PBXSourcesBuildPhase section */

/* Begin PBXVariantGroup section */
		728D5D4C246FD094006A1FB2 /* LaunchScreen.storyboard */ = {
			isa = PBXVariantGroup;
			children = (
				728D5D4D246FD094006A1FB2 /* Base */,
				728D5D79246FF3A0006A1FB2 /* ko */,
				728D5D84246FFC1F006A1FB2 /* ja */,
			);
			name = LaunchScreen.storyboard;
			sourceTree = "<group>";
		};
		728D5D7F246FF541006A1FB2 /* Localizable.strings */ = {
			isa = PBXVariantGroup;
			children = (
				728D5D7E246FF541006A1FB2 /* ko */,
				728D5D85246FFC20006A1FB2 /* ja */,
			);
			name = Localizable.strings;
			sourceTree = "<group>";
		};
/* End PBXVariantGroup section */

/* Begin XCBuildConfiguration section */
		728D5D50246FD094006A1FB2 /* Debug */ = {
			isa = XCBuildConfiguration;
			buildSettings = {
				ALWAYS_SEARCH_USER_PATHS = NO;
				CLANG_ANALYZER_LOCALIZABILITY_NONLOCALIZED = YES;
				CLANG_ANALYZER_NONNULL = YES;
				CLANG_ANALYZER_NUMBER_OBJECT_CONVERSION = YES_AGGRESSIVE;
				CLANG_CXX_LANGUAGE_STANDARD = "gnu++14";
				CLANG_CXX_LIBRARY = "libc++";
				CLANG_ENABLE_MODULES = YES;
				CLANG_ENABLE_OBJC_ARC = YES;
				CLANG_ENABLE_OBJC_WEAK = YES;
				CLANG_WARN_BLOCK_CAPTURE_AUTORELEASING = YES;
				CLANG_WARN_BOOL_CONVERSION = YES;
				CLANG_WARN_COMMA = YES;
				CLANG_WARN_CONSTANT_CONVERSION = YES;
				CLANG_WARN_DEPRECATED_OBJC_IMPLEMENTATIONS = YES;
				CLANG_WARN_DIRECT_OBJC_ISA_USAGE = YES_ERROR;
				CLANG_WARN_DOCUMENTATION_COMMENTS = YES;
				CLANG_WARN_EMPTY_BODY = YES;
				CLANG_WARN_ENUM_CONVERSION = YES;
				CLANG_WARN_INFINITE_RECURSION = YES;
				CLANG_WARN_INT_CONVERSION = YES;
				CLANG_WARN_NON_LITERAL_NULL_CONVERSION = YES;
				CLANG_WARN_OBJC_IMPLICIT_RETAIN_SELF = YES;
				CLANG_WARN_OBJC_LITERAL_CONVERSION = YES;
				CLANG_WARN_OBJC_ROOT_CLASS = YES_ERROR;
				CLANG_WARN_RANGE_LOOP_ANALYSIS = YES;
				CLANG_WARN_STRICT_PROTOTYPES = YES;
				CLANG_WARN_SUSPICIOUS_MOVE = YES;
				CLANG_WARN_UNGUARDED_AVAILABILITY = YES_AGGRESSIVE;
				CLANG_WARN_UNREACHABLE_CODE = YES;
				CLANG_WARN__DUPLICATE_METHOD_MATCH = YES;
				COPY_PHASE_STRIP = NO;
				DEBUG_INFORMATION_FORMAT = dwarf;
				ENABLE_STRICT_OBJC_MSGSEND = YES;
				ENABLE_TESTABILITY = YES;
				GCC_C_LANGUAGE_STANDARD = gnu11;
				GCC_DYNAMIC_NO_PIC = NO;
				GCC_NO_COMMON_BLOCKS = YES;
				GCC_OPTIMIZATION_LEVEL = 0;
				GCC_PREPROCESSOR_DEFINITIONS = (
					"DEBUG=1",
					"$(inherited)",
				);
				GCC_WARN_64_TO_32_BIT_CONVERSION = YES;
				GCC_WARN_ABOUT_RETURN_TYPE = YES_ERROR;
				GCC_WARN_UNDECLARED_SELECTOR = YES;
				GCC_WARN_UNINITIALIZED_AUTOS = YES_AGGRESSIVE;
				GCC_WARN_UNUSED_FUNCTION = YES;
				GCC_WARN_UNUSED_VARIABLE = YES;
				IPHONEOS_DEPLOYMENT_TARGET = 13.0;
				MTL_ENABLE_DEBUG_INFO = INCLUDE_SOURCE;
				MTL_FAST_MATH = YES;
				ONLY_ACTIVE_ARCH = YES;
				SDKROOT = iphoneos;
				SWIFT_ACTIVE_COMPILATION_CONDITIONS = DEBUG;
				SWIFT_OPTIMIZATION_LEVEL = "-Onone";
			};
			name = Debug;
		};
		728D5D51246FD094006A1FB2 /* Release */ = {
			isa = XCBuildConfiguration;
			buildSettings = {
				ALWAYS_SEARCH_USER_PATHS = NO;
				CLANG_ANALYZER_LOCALIZABILITY_NONLOCALIZED = YES;
				CLANG_ANALYZER_NONNULL = YES;
				CLANG_ANALYZER_NUMBER_OBJECT_CONVERSION = YES_AGGRESSIVE;
				CLANG_CXX_LANGUAGE_STANDARD = "gnu++14";
				CLANG_CXX_LIBRARY = "libc++";
				CLANG_ENABLE_MODULES = YES;
				CLANG_ENABLE_OBJC_ARC = YES;
				CLANG_ENABLE_OBJC_WEAK = YES;
				CLANG_WARN_BLOCK_CAPTURE_AUTORELEASING = YES;
				CLANG_WARN_BOOL_CONVERSION = YES;
				CLANG_WARN_COMMA = YES;
				CLANG_WARN_CONSTANT_CONVERSION = YES;
				CLANG_WARN_DEPRECATED_OBJC_IMPLEMENTATIONS = YES;
				CLANG_WARN_DIRECT_OBJC_ISA_USAGE = YES_ERROR;
				CLANG_WARN_DOCUMENTATION_COMMENTS = YES;
				CLANG_WARN_EMPTY_BODY = YES;
				CLANG_WARN_ENUM_CONVERSION = YES;
				CLANG_WARN_INFINITE_RECURSION = YES;
				CLANG_WARN_INT_CONVERSION = YES;
				CLANG_WARN_NON_LITERAL_NULL_CONVERSION = YES;
				CLANG_WARN_OBJC_IMPLICIT_RETAIN_SELF = YES;
				CLANG_WARN_OBJC_LITERAL_CONVERSION = YES;
				CLANG_WARN_OBJC_ROOT_CLASS = YES_ERROR;
				CLANG_WARN_RANGE_LOOP_ANALYSIS = YES;
				CLANG_WARN_STRICT_PROTOTYPES = YES;
				CLANG_WARN_SUSPICIOUS_MOVE = YES;
				CLANG_WARN_UNGUARDED_AVAILABILITY = YES_AGGRESSIVE;
				CLANG_WARN_UNREACHABLE_CODE = YES;
				CLANG_WARN__DUPLICATE_METHOD_MATCH = YES;
				COPY_PHASE_STRIP = NO;
				DEBUG_INFORMATION_FORMAT = "dwarf-with-dsym";
				ENABLE_NS_ASSERTIONS = NO;
				ENABLE_STRICT_OBJC_MSGSEND = YES;
				GCC_C_LANGUAGE_STANDARD = gnu11;
				GCC_NO_COMMON_BLOCKS = YES;
				GCC_WARN_64_TO_32_BIT_CONVERSION = YES;
				GCC_WARN_ABOUT_RETURN_TYPE = YES_ERROR;
				GCC_WARN_UNDECLARED_SELECTOR = YES;
				GCC_WARN_UNINITIALIZED_AUTOS = YES_AGGRESSIVE;
				GCC_WARN_UNUSED_FUNCTION = YES;
				GCC_WARN_UNUSED_VARIABLE = YES;
				IPHONEOS_DEPLOYMENT_TARGET = 13.0;
				MTL_ENABLE_DEBUG_INFO = NO;
				MTL_FAST_MATH = YES;
				SDKROOT = iphoneos;
				SWIFT_COMPILATION_MODE = wholemodule;
				SWIFT_OPTIMIZATION_LEVEL = "-O";
				VALIDATE_PRODUCT = YES;
			};
			name = Release;
		};
		728D5D53246FD094006A1FB2 /* Debug */ = {
			isa = XCBuildConfiguration;
			baseConfigurationReference = 921DB74A7AE1E62B4D48A089 /* Pods-Messenger.debug.xcconfig */;
			buildSettings = {
				ASSETCATALOG_COMPILER_APPICON_NAME = AppIcon;
				CODE_SIGN_STYLE = Automatic;
				DEVELOPMENT_TEAM = R46XFWWPMA;
				INFOPLIST_FILE = "Messenger/Supporting Files/Info.plist";
				IPHONEOS_DEPLOYMENT_TARGET = 13.0;
				LD_RUNPATH_SEARCH_PATHS = (
					"$(inherited)",
					"@executable_path/Frameworks",
				);
				PRODUCT_BUNDLE_IDENTIFIER = com.soohan.Messenger;
				PRODUCT_NAME = "$(TARGET_NAME)";
				SWIFT_OBJC_BRIDGING_HEADER = "Messenger/Supporting Files/Messenger-Bridging-Header.h";
				SWIFT_VERSION = 5.0;
				TARGETED_DEVICE_FAMILY = "1,2";
			};
			name = Debug;
		};
		728D5D54246FD094006A1FB2 /* Release */ = {
			isa = XCBuildConfiguration;
			baseConfigurationReference = 390347F65D6478E363FA7C8A /* Pods-Messenger.release.xcconfig */;
			buildSettings = {
				ASSETCATALOG_COMPILER_APPICON_NAME = AppIcon;
				CODE_SIGN_STYLE = Automatic;
				DEVELOPMENT_TEAM = R46XFWWPMA;
				INFOPLIST_FILE = "Messenger/Supporting Files/Info.plist";
				IPHONEOS_DEPLOYMENT_TARGET = 13.0;
				LD_RUNPATH_SEARCH_PATHS = (
					"$(inherited)",
					"@executable_path/Frameworks",
				);
				PRODUCT_BUNDLE_IDENTIFIER = com.soohan.Messenger;
				PRODUCT_NAME = "$(TARGET_NAME)";
				SWIFT_OBJC_BRIDGING_HEADER = "Messenger/Supporting Files/Messenger-Bridging-Header.h";
				SWIFT_VERSION = 5.0;
				TARGETED_DEVICE_FAMILY = "1,2";
			};
			name = Release;
		};
/* End XCBuildConfiguration section */

/* Begin XCConfigurationList section */
		728D5D39246FD093006A1FB2 /* Build configuration list for PBXProject "Messenger" */ = {
			isa = XCConfigurationList;
			buildConfigurations = (
				728D5D50246FD094006A1FB2 /* Debug */,
				728D5D51246FD094006A1FB2 /* Release */,
			);
			defaultConfigurationIsVisible = 0;
			defaultConfigurationName = Release;
		};
		728D5D52246FD094006A1FB2 /* Build configuration list for PBXNativeTarget "Messenger" */ = {
			isa = XCConfigurationList;
			buildConfigurations = (
				728D5D53246FD094006A1FB2 /* Debug */,
				728D5D54246FD094006A1FB2 /* Release */,
			);
			defaultConfigurationIsVisible = 0;
			defaultConfigurationName = Release;
		};
/* End XCConfigurationList section */
	};
	rootObject = 728D5D36246FD093006A1FB2 /* Project object */;
}
